{
  "name": "sniff-bytes",
  "version": "0.0.7",
  "lockfileVersion": 3,
  "requires": true,
  "packages": {
    "": {
      "name": "sniff-bytes",
      "version": "0.0.7",
      "license": "MIT",
      "dependencies": {
        "@neon-rs/load": "^0.0.152"
      },
      "devDependencies": {
        "@neon-rs/cli": "^0.0.152",
        "@tsconfig/node16": "^16.1.0"
      }
    },
    "node_modules/@cargo-messages/android-arm-eabi": {
      "version": "0.0.152",
      "resolved": "https://registry.npmjs.org/@cargo-messages/android-arm-eabi/-/android-arm-eabi-0.0.152.tgz",
      "integrity": "sha512-G4cN2MAHnjK8TpH1HzzI3xAXqeMYuipwpOlWtG3zcE0abpTF2wyp+wTERwevGD3K/2Yf66w7Ux95mESbjFhl3g==",
      "cpu": [
        "arm"
      ],
      "dev": true,
      "optional": true,
      "os": [
        "android"
      ]
    },
    "node_modules/@cargo-messages/darwin-arm64": {
      "version": "0.0.152",
      "resolved": "https://registry.npmjs.org/@cargo-messages/darwin-arm64/-/darwin-arm64-0.0.152.tgz",
      "integrity": "sha512-Y82PFiffssdtWU4TlDMNb2A68eroKAVHxfQdf2MkjUaoygIsSgDiRcc2/wTdO+ufSscEKzXTJkYsn90sIzc3Yg==",
      "cpu": [
        "arm64"
      ],
      "dev": true,
      "optional": true,
      "os": [
        "darwin"
      ]
    },
    "node_modules/@cargo-messages/darwin-x64": {
      "version": "0.0.152",
      "resolved": "https://registry.npmjs.org/@cargo-messages/darwin-x64/-/darwin-x64-0.0.152.tgz",
      "integrity": "sha512-aJ2AbmqTZkG24+31tiCur2XQfsojlDs1y8v0/FIiNkJAc30pcUBMiUex2KSwxtWrGboxWwNYO2Rsqo+u5wiR1A==",
      "cpu": [
        "x64"
      ],
      "dev": true,
      "optional": true,
      "os": [
        "darwin"
      ]
    },
    "node_modules/@cargo-messages/linux-arm-gnueabihf": {
      "version": "0.0.152",
      "resolved": "https://registry.npmjs.org/@cargo-messages/linux-arm-gnueabihf/-/linux-arm-gnueabihf-0.0.152.tgz",
      "integrity": "sha512-WxaWMyVgEnTp8nThS+0seoZu/ob4qnkBLHgah7Ufn0UqqE/5LmT2Zdgw0ra/9HhFKP234duHzedV1TazSwvPIQ==",
      "cpu": [
        "arm"
      ],
      "dev": true,
      "optional": true,
      "os": [
        "linux"
      ]
    },
    "node_modules/@cargo-messages/linux-x64-gnu": {
      "version": "0.0.152",
      "resolved": "https://registry.npmjs.org/@cargo-messages/linux-x64-gnu/-/linux-x64-gnu-0.0.152.tgz",
      "integrity": "sha512-rLvU0sjK3ZruKopIJp59X9iHFao6+QN5qijYnGJmSI4koc5DT738qLkNJyjApFmAoXMGg6Y6de9vvbTUvsbPdg==",
      "cpu": [
        "x64"
      ],
      "dev": true,
      "optional": true,
      "os": [
        "linux"
      ]
    },
    "node_modules/@cargo-messages/win32-arm64-msvc": {
      "version": "0.0.152",
      "resolved": "https://registry.npmjs.org/@cargo-messages/win32-arm64-msvc/-/win32-arm64-msvc-0.0.152.tgz",
      "integrity": "sha512-HQCnKVWjuOLd3ymsy5rKhMkiC9+MgT6gdVWxi3QRyv6dzNnyJwWSiDYXNN5ey6s5sGl58/T2Ind6pnXt53QQxg==",
      "cpu": [
        "arm64"
      ],
      "dev": true,
      "optional": true,
      "os": [
        "win32"
      ]
    },
    "node_modules/@cargo-messages/win32-x64-msvc": {
      "version": "0.0.152",
      "resolved": "https://registry.npmjs.org/@cargo-messages/win32-x64-msvc/-/win32-x64-msvc-0.0.152.tgz",
      "integrity": "sha512-4jCeGyk02KrePZ9sRoTBx6u2jGXXmbvoCO51iAHjXCUyzm+Kx4aUcRTMmnqV2zThTc7F8+gJ2wcGMR+7wWoAdQ==",
      "cpu": [
        "x64"
      ],
      "dev": true,
      "optional": true,
      "os": [
        "win32"
      ]
    },
    "node_modules/@neon-rs/cli": {
      "version": "0.0.152",
      "resolved": "https://registry.npmjs.org/@neon-rs/cli/-/cli-0.0.152.tgz",
      "integrity": "sha512-NEFmXT59H3utebKTVVrqdujxtPrqgQDmFDXjmpB3k90bx4NvDbNL27qCO5naeT+4jz5X1vB9+OaOfKe+Be1AtA==",
      "dev": true,
      "bin": {
        "neon": "index.js"
      },
      "optionalDependencies": {
        "@cargo-messages/android-arm-eabi": "0.0.152",
        "@cargo-messages/darwin-arm64": "0.0.152",
        "@cargo-messages/darwin-x64": "0.0.152",
        "@cargo-messages/linux-arm-gnueabihf": "0.0.152",
        "@cargo-messages/linux-x64-gnu": "0.0.152",
        "@cargo-messages/win32-arm64-msvc": "0.0.152",
        "@cargo-messages/win32-x64-msvc": "0.0.152"
      }
    },
    "node_modules/@neon-rs/load": {
      "version": "0.0.152",
      "resolved": "https://registry.npmjs.org/@neon-rs/load/-/load-0.0.152.tgz",
      "integrity": "sha512-xvznYIRnyLh8QqICXSO/jfuegWEiN/8iGmFYPSrlhb4Ms//YMf817F4BuBRwCubIisN+/P5+8AWhNH+wQIntKQ=="
    },
    "node_modules/@tsconfig/node16": {
      "version": "16.1.0",
      "resolved": "https://registry.npmjs.org/@tsconfig/node16/-/node16-16.1.0.tgz",
      "integrity": "sha512-cfwhqrdZEKS+Iqu1OPDwmKsOV/eo7q4sPhWzOXc1rU77nnPFV3+77yPg8uKQ2e8eir6mERCvrKnd+EGa4qo4bQ==",
      "dev": true
    }
  }
}
