{
  "name": "sniff-bytes",
  "version": "0.1.9",
  "lockfileVersion": 3,
  "requires": true,
  "packages": {
    "": {
      "name": "sniff-bytes",
      "version": "0.1.9",
      "license": "MIT",
      "dependencies": {
        "@neon-rs/load": "^0.0.162"
      },
      "devDependencies": {
        "@neon-rs/cli": "^0.0.162",
        "@tsconfig/node16": "^16.1.0"
      }
    },
    "node_modules/@cargo-messages/android-arm-eabi": {
      "version": "0.0.162",
      "resolved": "https://registry.npmjs.org/@cargo-messages/android-arm-eabi/-/android-arm-eabi-0.0.162.tgz",
      "integrity": "sha512-qONMIla1wA+zDMGOJCE3WwQSwJNux5eK1TwRt633WRZHMXZQTrgskYPh05MeEkk5JhI+E41AWrVnXMfmNsS4kQ==",
      "cpu": [
        "arm"
      ],
      "dev": true,
      "optional": true,
      "os": [
        "android"
      ]
    },
    "node_modules/@cargo-messages/darwin-arm64": {
      "version": "0.0.162",
      "resolved": "https://registry.npmjs.org/@cargo-messages/darwin-arm64/-/darwin-arm64-0.0.162.tgz",
      "integrity": "sha512-JDKu0CuZ1tcZU9nAcvidG7ryOItzHWUCs0sGRhNycjxbBB+fKBoqXEbZyuQgDocit9kYao1i/uryQF76eJyQog==",
      "cpu": [
        "arm64"
      ],
      "dev": true,
      "optional": true,
      "os": [
        "darwin"
      ]
    },
    "node_modules/@cargo-messages/darwin-x64": {
      "version": "0.0.162",
      "resolved": "https://registry.npmjs.org/@cargo-messages/darwin-x64/-/darwin-x64-0.0.162.tgz",
      "integrity": "sha512-O2wgs/byuidsYnBRVCxUecRr3t+iQoSOnQHWaTEE/OvY/MgycWGwa/ChvNU4h8yN86PUIyjAqiavb86CcAkstQ==",
      "cpu": [
        "x64"
      ],
      "dev": true,
      "optional": true,
      "os": [
        "darwin"
      ]
    },
    "node_modules/@cargo-messages/linux-arm-gnueabihf": {
      "version": "0.0.162",
      "resolved": "https://registry.npmjs.org/@cargo-messages/linux-arm-gnueabihf/-/linux-arm-gnueabihf-0.0.162.tgz",
      "integrity": "sha512-XBm1Dd0eEhwrcMwqsaAGMRvxn/QvzCUX7Lmbcv2LKFZf0FQhWx9+kLkL+6r7OwiGAfsxkvO5tSq0dqaXyuQOog==",
      "cpu": [
        "arm"
      ],
      "dev": true,
      "optional": true,
      "os": [
        "linux"
      ]
    },
    "node_modules/@cargo-messages/linux-x64-gnu": {
      "version": "0.0.162",
      "resolved": "https://registry.npmjs.org/@cargo-messages/linux-x64-gnu/-/linux-x64-gnu-0.0.162.tgz",
      "integrity": "sha512-+YP1KlLsWODB8wsWb8IW9c4rAu8m67BGCn9HZkoYspkAcX7PuaK9VL3J3DegtgCz0IhubbWnyOwE2nNtQjJb/g==",
      "cpu": [
        "x64"
      ],
      "dev": true,
      "optional": true,
      "os": [
        "linux"
      ]
    },
    "node_modules/@cargo-messages/win32-arm64-msvc": {
      "version": "0.0.162",
      "resolved": "https://registry.npmjs.org/@cargo-messages/win32-arm64-msvc/-/win32-arm64-msvc-0.0.162.tgz",
      "integrity": "sha512-2DLnLHDWLDJ0BvQsOHkhn56ulZNozKE+k8PLpKqzbmAUE+XZ1H+MtIgkSIEVlWGWG1DFVxzI/EiaNl3JY8Ving==",
      "cpu": [
        "arm64"
      ],
      "dev": true,
      "optional": true,
      "os": [
        "win32"
      ]
    },
    "node_modules/@cargo-messages/win32-x64-msvc": {
      "version": "0.0.162",
      "resolved": "https://registry.npmjs.org/@cargo-messages/win32-x64-msvc/-/win32-x64-msvc-0.0.162.tgz",
      "integrity": "sha512-hTaBVb5r3ysywMyLXXEWr15e2vEg9q6kN+zj+EWsWPLZNp0BV+Td5UNp+lFsGilMgN9cC/TICq33DPoUr/n/Xg==",
      "cpu": [
        "x64"
      ],
      "dev": true,
      "optional": true,
      "os": [
        "win32"
      ]
    },
    "node_modules/@neon-rs/cli": {
      "version": "0.0.162",
      "resolved": "https://registry.npmjs.org/@neon-rs/cli/-/cli-0.0.162.tgz",
      "integrity": "sha512-6M1y6if92vo9thluhPyFi5S1MB+I9EUrhAJN9cmXj1t99JegQp9E3id0p0l1J2TAIxpdiPNRUwJhtqZDqu6vCA==",
      "dev": true,
      "bin": {
        "neon": "index.js"
      },
      "optionalDependencies": {
        "@cargo-messages/android-arm-eabi": "0.0.162",
        "@cargo-messages/darwin-arm64": "0.0.162",
        "@cargo-messages/darwin-x64": "0.0.162",
        "@cargo-messages/linux-arm-gnueabihf": "0.0.162",
        "@cargo-messages/linux-x64-gnu": "0.0.162",
        "@cargo-messages/win32-arm64-msvc": "0.0.162",
        "@cargo-messages/win32-x64-msvc": "0.0.162"
      }
    },
    "node_modules/@neon-rs/load": {
      "version": "0.0.162",
      "resolved": "https://registry.npmjs.org/@neon-rs/load/-/load-0.0.162.tgz",
      "integrity": "sha512-/VIP2Num/8XSw32c0pXh+FhZQEmaKuzxa9urD4ccsSav1ImfekPUo2MvkeE9hHhu4bFpY4hBsdo943pgWy/WYg=="
    },
    "node_modules/@tsconfig/node16": {
      "version": "16.1.0",
      "resolved": "https://registry.npmjs.org/@tsconfig/node16/-/node16-16.1.0.tgz",
      "integrity": "sha512-cfwhqrdZEKS+Iqu1OPDwmKsOV/eo7q4sPhWzOXc1rU77nnPFV3+77yPg8uKQ2e8eir6mERCvrKnd+EGa4qo4bQ==",
      "dev": true
    }
  }
}
