{
  "name": "sniff-bytes",
  "version": "0.1.4",
  "lockfileVersion": 3,
  "requires": true,
  "packages": {
    "": {
      "name": "sniff-bytes",
      "version": "0.1.4",
      "license": "MIT",
      "dependencies": {
        "@neon-rs/load": "^0.0.156"
      },
      "devDependencies": {
        "@neon-rs/cli": "^0.0.156",
        "@tsconfig/node16": "^16.1.0"
      }
    },
    "node_modules/@cargo-messages/android-arm-eabi": {
      "version": "0.0.156",
      "resolved": "https://registry.npmjs.org/@cargo-messages/android-arm-eabi/-/android-arm-eabi-0.0.156.tgz",
      "integrity": "sha512-FUM7PzYQhjAec+arGLg1PfI2LiPhYig95FUqbVPPF/ZvMO4WVZ8xuTte8X7BeSu7KD0TXZ5tlpNcRj4oxHnYjw==",
      "cpu": [
        "arm"
      ],
      "dev": true,
      "optional": true,
      "os": [
        "android"
      ]
    },
    "node_modules/@cargo-messages/darwin-arm64": {
      "version": "0.0.156",
      "resolved": "https://registry.npmjs.org/@cargo-messages/darwin-arm64/-/darwin-arm64-0.0.156.tgz",
      "integrity": "sha512-h9XKMdcV9Fw94Of/KekzvJ8D7v6EbnU/RKz6dmKdBPe01NcXegIARysV9LGLhZa43jbSALsEJPHKlPWXYJn1Bg==",
      "cpu": [
        "arm64"
      ],
      "dev": true,
      "optional": true,
      "os": [
        "darwin"
      ]
    },
    "node_modules/@cargo-messages/darwin-x64": {
      "version": "0.0.156",
      "resolved": "https://registry.npmjs.org/@cargo-messages/darwin-x64/-/darwin-x64-0.0.156.tgz",
      "integrity": "sha512-XYSFn/RpLhq4sPfo1vt3KmMlO5GjRkPyyguGGWE0RSEihzDZm360ryW5ZZ4kyQwdgPnB5BZG1eJkHUgvlUpbRQ==",
      "cpu": [
        "x64"
      ],
      "dev": true,
      "optional": true,
      "os": [
        "darwin"
      ]
    },
    "node_modules/@cargo-messages/linux-arm-gnueabihf": {
      "version": "0.0.156",
      "resolved": "https://registry.npmjs.org/@cargo-messages/linux-arm-gnueabihf/-/linux-arm-gnueabihf-0.0.156.tgz",
      "integrity": "sha512-d1DjK77Zkp/JjhmyJE3Oof2fU9A2mfSGTpGluusNMwWKzfYb2zkFpBh+l5Gu+CYY4Fdn2NR+M1r3oux/KkWJgQ==",
      "cpu": [
        "arm"
      ],
      "dev": true,
      "optional": true,
      "os": [
        "linux"
      ]
    },
    "node_modules/@cargo-messages/linux-x64-gnu": {
      "version": "0.0.156",
      "resolved": "https://registry.npmjs.org/@cargo-messages/linux-x64-gnu/-/linux-x64-gnu-0.0.156.tgz",
      "integrity": "sha512-phtAj2NzjgI3uyDNs37UbNfMoi2fnI8ybDLKa8NgkrrXNh95I/AJBd0rhViLbvKUYI+HTCyHZ/TOR9PbbkJ7qw==",
      "cpu": [
        "x64"
      ],
      "dev": true,
      "optional": true,
      "os": [
        "linux"
      ]
    },
    "node_modules/@cargo-messages/win32-arm64-msvc": {
      "version": "0.0.156",
      "resolved": "https://registry.npmjs.org/@cargo-messages/win32-arm64-msvc/-/win32-arm64-msvc-0.0.156.tgz",
      "integrity": "sha512-WViYagJ3/8ryJNXsL6ZGmbyk8UHNDFnQJZ9EvGmM//MgNCT71jtMhfvFLvpiDPBMgXpOIrwGkjcBxNNNugF/RA==",
      "cpu": [
        "arm64"
      ],
      "dev": true,
      "optional": true,
      "os": [
        "win32"
      ]
    },
    "node_modules/@cargo-messages/win32-x64-msvc": {
      "version": "0.0.156",
      "resolved": "https://registry.npmjs.org/@cargo-messages/win32-x64-msvc/-/win32-x64-msvc-0.0.156.tgz",
      "integrity": "sha512-PvUaC5GpzQEDUjIWJkteW3q+6QNNkx2vRsOA8hbYEVlJNBu/k989in5SZUY4PB+ZOZvMqOdptixunpvfDKABGg==",
      "cpu": [
        "x64"
      ],
      "dev": true,
      "optional": true,
      "os": [
        "win32"
      ]
    },
    "node_modules/@neon-rs/cli": {
      "version": "0.0.156",
      "resolved": "https://registry.npmjs.org/@neon-rs/cli/-/cli-0.0.156.tgz",
      "integrity": "sha512-jhLDItvUrkvHY+S+AhgFvpex6bi/iTTVSwW2PWo5wOKc3wslkvZtM/E9t18vZcGVenUyQupbvCoWMgeDSOdMhw==",
      "dev": true,
      "bin": {
        "neon": "index.js"
      },
      "optionalDependencies": {
        "@cargo-messages/android-arm-eabi": "0.0.156",
        "@cargo-messages/darwin-arm64": "0.0.156",
        "@cargo-messages/darwin-x64": "0.0.156",
        "@cargo-messages/linux-arm-gnueabihf": "0.0.156",
        "@cargo-messages/linux-x64-gnu": "0.0.156",
        "@cargo-messages/win32-arm64-msvc": "0.0.156",
        "@cargo-messages/win32-x64-msvc": "0.0.156"
      }
    },
    "node_modules/@neon-rs/load": {
      "version": "0.0.156",
      "resolved": "https://registry.npmjs.org/@neon-rs/load/-/load-0.0.156.tgz",
      "integrity": "sha512-BxGJRpgha38ttJuWqWkJUh3SteRY5/lXGbzVBE7VSj8cc92fuRLsulCAlXdhlxb9ksNGV7CDh/HmI4ipd1uAKQ=="
    },
    "node_modules/@tsconfig/node16": {
      "version": "16.1.0",
      "resolved": "https://registry.npmjs.org/@tsconfig/node16/-/node16-16.1.0.tgz",
      "integrity": "sha512-cfwhqrdZEKS+Iqu1OPDwmKsOV/eo7q4sPhWzOXc1rU77nnPFV3+77yPg8uKQ2e8eir6mERCvrKnd+EGa4qo4bQ==",
      "dev": true
    }
  }
}
